
Microsoft Visual Studio Solution File, Format Version 12.00
# Visual Studio Version 16
VisualStudioVersion = 16.0.29613.14
MinimumVisualStudioVersion = 10.0.40219.1
Project("{FAE04EC0-301F-11D3-BF4B-00C04F79EFBC}") = "MusicPlayer", "MusicPlayer\MusicPlayer.csproj", "{92F2BE7B-6DED-4F1B-80A5-48430D486B37}"
EndProject
Project("{FAE04EC0-301F-11D3-BF4B-00C04F79EFBC}") = "WPFSoundVisualizationLib", "WPFSoundVisualizationLibrary\WPFSoundVisualizationLib.csproj", "{90F96222-1C39-4A19-ABE8-1B00FB330985}"
EndProject
Global
	GlobalSection(SolutionConfigurationPlatforms) = preSolution
		Debug|Any CPU = Debug|Any CPU
		Release|Any CPU = Release|Any CPU
	EndGlobalSection
	GlobalSection(ProjectConfigurationPlatforms) = postSolution
		{92F2BE7B-6DED-4F1B-80A5-48430D486B37}.Debug|Any CPU.ActiveCfg = Debug|Any CPU
		{92F2BE7B-6DED-4F1B-80A5-48430D486B37}.Debug|Any CPU.Build.0 = Debug|Any CPU
		{92F2BE7B-6DED-4F1B-80A5-48430D486B37}.Release|Any CPU.ActiveCfg = Release|Any CPU
		{92F2BE7B-6DED-4F1B-80A5-48430D486B37}.Release|Any CPU.Build.0 = Release|Any CPU
		{90F96222-1C39-4A19-ABE8-1B00FB330985}.Debug|Any CPU.ActiveCfg = Debug|Any CPU
		{90F96222-1C39-4A19-ABE8-1B00FB330985}.Debug|Any CPU.Build.0 = Debug|Any CPU
		{90F96222-1C39-4A19-ABE8-1B00FB330985}.Release|Any CPU.ActiveCfg = Release|Any CPU
		{90F96222-1C39-4A19-ABE8-1B00FB330985}.Release|Any CPU.Build.0 = Release|Any CPU
	EndGlobalSection
	GlobalSection(SolutionProperties) = preSolution
		HideSolutionNode = FALSE
	EndGlobalSection
	GlobalSection(ExtensibilityGlobals) = postSolution
		SolutionGuid = {604518D4-AA5A-4677-9635-F8754B37E851}
	EndGlobalSection
EndGlobal
